
Microsoft Visual Studio Solution File, Format Version 12.00
# Visual Studio Version 17
VisualStudioVersion = 17.2.32526.322
MinimumVisualStudioVersion = 10.0.40219.1
Project("{2150E333-8FDC-42A3-9474-1A3956D46DE8}") = "src", "src", "{D48714A4-5AB8-4D2E-AA4D-01C72270874E}"
EndProject
Project("{2150E333-8FDC-42A3-9474-1A3956D46DE8}") = "test", "test", "{D5925598-117B-484F-AF17-543253F06106}"
EndProject
Project("{2150E333-8FDC-42A3-9474-1A3956D46DE8}") = "01 - Services", "01 - Services", "{F6E69D36-6231-4FF2-B7AF-9EAACD5843FA}"
EndProject
Project("{2150E333-8FDC-42A3-9474-1A3956D46DE8}") = "02 - Application", "02 - Application", "{262ACD44-20CF-44FE-9614-1BFE17ECECEE}"
EndProject
Project("{2150E333-8FDC-42A3-9474-1A3956D46DE8}") = "03 - Domain", "03 - Domain", "{89DAD259-FE9A-46FE-9DCE-3E8F084CADAA}"
EndProject
Project("{2150E333-8FDC-42A3-9474-1A3956D46DE8}") = "04 - Infrastructure", "04 - Infrastructure", "{FA5E661E-A1FF-4A74-B8B2-9EFD12DEAA1A}"
EndProject
Project("{9A19103F-16F7-4668-BE54-9A1E7A4F7556}") = "Cinemark.Unit.Tests", "test\Cinemark.Unit.Tests\Cinemark.Unit.Tests.csproj", "{71169357-F9B8-4D70-9912-306E24CEFF14}"
EndProject
Project("{9A19103F-16F7-4668-BE54-9A1E7A4F7556}") = "Cinemark.Service.Api", "src\Cinemark.Service.Api\Cinemark.Service.Api.csproj", "{0660F033-1FFC-43EC-B4D9-6D69558A950E}"
EndProject
Project("{9A19103F-16F7-4668-BE54-9A1E7A4F7556}") = "Cinemark.Application", "src\Cinemark.Application\Cinemark.Application.csproj", "{BC60140E-BEA1-4E69-BB7A-0C8D66D30926}"
EndProject
Project("{9A19103F-16F7-4668-BE54-9A1E7A4F7556}") = "Cinemark.Domain", "src\Cinemark.Domain\Cinemark.Domain.csproj", "{F016F7B4-B6C4-4AE3-9F3E-8406DC9ADB6A}"
EndProject
Project("{9A19103F-16F7-4668-BE54-9A1E7A4F7556}") = "Cinemark.Infrastructure.Data", "src\Cinemark.Infrastructure.Data\Cinemark.Infrastructure.Data.csproj", "{CCBE98B0-54F3-4B7F-A7F6-626F8D6E7F06}"
EndProject
Project("{9A19103F-16F7-4668-BE54-9A1E7A4F7556}") = "Cinemark.Infrastructure.IoC", "src\Cinemark.Infrastructure.IoC\Cinemark.Infrastructure.IoC.csproj", "{5A5A4B84-90E5-4AF1-B4E9-F24350195A17}"
EndProject
Project("{9A19103F-16F7-4668-BE54-9A1E7A4F7556}") = "Cinemark.Infrastructure.HostedServices", "src\Cinemark.Infrastructure.HostedServices\Cinemark.Infrastructure.HostedServices.csproj", "{17A17787-2BEB-4E00-A342-5972AA46DD30}"
EndProject
Project("{9A19103F-16F7-4668-BE54-9A1E7A4F7556}") = "Cinemark.Infrastructure.EventBus", "src\Cinemark.Infrastructure.EventBus\Cinemark.Infrastructure.EventBus.csproj", "{E0027ED4-7C9A-4601-A04A-A0EC9CE90020}"
EndProject
Project("{FAE04EC0-301F-11D3-BF4B-00C04F79EFBC}") = "Cinemark.Infrastructure.Identity", "src\Cinemark.Infrastructure.Identity\Cinemark.Infrastructure.Identity.csproj", "{40408022-5B7B-4827-8C71-AA537368174E}"
EndProject
Global
	GlobalSection(SolutionConfigurationPlatforms) = preSolution
		Debug|Any CPU = Debug|Any CPU
		Release|Any CPU = Release|Any CPU
	EndGlobalSection
	GlobalSection(ProjectConfigurationPlatforms) = postSolution
		{71169357-F9B8-4D70-9912-306E24CEFF14}.Debug|Any CPU.ActiveCfg = Debug|Any CPU
		{71169357-F9B8-4D70-9912-306E24CEFF14}.Debug|Any CPU.Build.0 = Debug|Any CPU
		{71169357-F9B8-4D70-9912-306E24CEFF14}.Release|Any CPU.ActiveCfg = Release|Any CPU
		{71169357-F9B8-4D70-9912-306E24CEFF14}.Release|Any CPU.Build.0 = Release|Any CPU
		{0660F033-1FFC-43EC-B4D9-6D69558A950E}.Debug|Any CPU.ActiveCfg = Debug|Any CPU
		{0660F033-1FFC-43EC-B4D9-6D69558A950E}.Debug|Any CPU.Build.0 = Debug|Any CPU
		{0660F033-1FFC-43EC-B4D9-6D69558A950E}.Release|Any CPU.ActiveCfg = Release|Any CPU
		{0660F033-1FFC-43EC-B4D9-6D69558A950E}.Release|Any CPU.Build.0 = Release|Any CPU
		{BC60140E-BEA1-4E69-BB7A-0C8D66D30926}.Debug|Any CPU.ActiveCfg = Debug|Any CPU
		{BC60140E-BEA1-4E69-BB7A-0C8D66D30926}.Debug|Any CPU.Build.0 = Debug|Any CPU
		{BC60140E-BEA1-4E69-BB7A-0C8D66D30926}.Release|Any CPU.ActiveCfg = Release|Any CPU
		{BC60140E-BEA1-4E69-BB7A-0C8D66D30926}.Release|Any CPU.Build.0 = Release|Any CPU
		{F016F7B4-B6C4-4AE3-9F3E-8406DC9ADB6A}.Debug|Any CPU.ActiveCfg = Debug|Any CPU
		{F016F7B4-B6C4-4AE3-9F3E-8406DC9ADB6A}.Debug|Any CPU.Build.0 = Debug|Any CPU
		{F016F7B4-B6C4-4AE3-9F3E-8406DC9ADB6A}.Release|Any CPU.ActiveCfg = Release|Any CPU
		{F016F7B4-B6C4-4AE3-9F3E-8406DC9ADB6A}.Release|Any CPU.Build.0 = Release|Any CPU
		{CCBE98B0-54F3-4B7F-A7F6-626F8D6E7F06}.Debug|Any CPU.ActiveCfg = Debug|Any CPU
		{CCBE98B0-54F3-4B7F-A7F6-626F8D6E7F06}.Debug|Any CPU.Build.0 = Debug|Any CPU
		{CCBE98B0-54F3-4B7F-A7F6-626F8D6E7F06}.Release|Any CPU.ActiveCfg = Release|Any CPU
		{CCBE98B0-54F3-4B7F-A7F6-626F8D6E7F06}.Release|Any CPU.Build.0 = Release|Any CPU
		{5A5A4B84-90E5-4AF1-B4E9-F24350195A17}.Debug|Any CPU.ActiveCfg = Debug|Any CPU
		{5A5A4B84-90E5-4AF1-B4E9-F24350195A17}.Debug|Any CPU.Build.0 = Debug|Any CPU
		{5A5A4B84-90E5-4AF1-B4E9-F24350195A17}.Release|Any CPU.ActiveCfg = Release|Any CPU
		{5A5A4B84-90E5-4AF1-B4E9-F24350195A17}.Release|Any CPU.Build.0 = Release|Any CPU
		{17A17787-2BEB-4E00-A342-5972AA46DD30}.Debug|Any CPU.ActiveCfg = Debug|Any CPU
		{17A17787-2BEB-4E00-A342-5972AA46DD30}.Debug|Any CPU.Build.0 = Debug|Any CPU
		{17A17787-2BEB-4E00-A342-5972AA46DD30}.Release|Any CPU.ActiveCfg = Release|Any CPU
		{17A17787-2BEB-4E00-A342-5972AA46DD30}.Release|Any CPU.Build.0 = Release|Any CPU
		{E0027ED4-7C9A-4601-A04A-A0EC9CE90020}.Debug|Any CPU.ActiveCfg = Debug|Any CPU
		{E0027ED4-7C9A-4601-A04A-A0EC9CE90020}.Debug|Any CPU.Build.0 = Debug|Any CPU
		{E0027ED4-7C9A-4601-A04A-A0EC9CE90020}.Release|Any CPU.ActiveCfg = Release|Any CPU
		{E0027ED4-7C9A-4601-A04A-A0EC9CE90020}.Release|Any CPU.Build.0 = Release|Any CPU
		{40408022-5B7B-4827-8C71-AA537368174E}.Debug|Any CPU.ActiveCfg = Debug|Any CPU
		{40408022-5B7B-4827-8C71-AA537368174E}.Debug|Any CPU.Build.0 = Debug|Any CPU
		{40408022-5B7B-4827-8C71-AA537368174E}.Release|Any CPU.ActiveCfg = Release|Any CPU
		{40408022-5B7B-4827-8C71-AA537368174E}.Release|Any CPU.Build.0 = Release|Any CPU
	EndGlobalSection
	GlobalSection(SolutionProperties) = preSolution
		HideSolutionNode = FALSE
	EndGlobalSection
	GlobalSection(NestedProjects) = preSolution
		{F6E69D36-6231-4FF2-B7AF-9EAACD5843FA} = {D48714A4-5AB8-4D2E-AA4D-01C72270874E}
		{262ACD44-20CF-44FE-9614-1BFE17ECECEE} = {D48714A4-5AB8-4D2E-AA4D-01C72270874E}
		{89DAD259-FE9A-46FE-9DCE-3E8F084CADAA} = {D48714A4-5AB8-4D2E-AA4D-01C72270874E}
		{FA5E661E-A1FF-4A74-B8B2-9EFD12DEAA1A} = {D48714A4-5AB8-4D2E-AA4D-01C72270874E}
		{71169357-F9B8-4D70-9912-306E24CEFF14} = {D5925598-117B-484F-AF17-543253F06106}
		{0660F033-1FFC-43EC-B4D9-6D69558A950E} = {F6E69D36-6231-4FF2-B7AF-9EAACD5843FA}
		{BC60140E-BEA1-4E69-BB7A-0C8D66D30926} = {262ACD44-20CF-44FE-9614-1BFE17ECECEE}
		{F016F7B4-B6C4-4AE3-9F3E-8406DC9ADB6A} = {89DAD259-FE9A-46FE-9DCE-3E8F084CADAA}
		{CCBE98B0-54F3-4B7F-A7F6-626F8D6E7F06} = {FA5E661E-A1FF-4A74-B8B2-9EFD12DEAA1A}
		{5A5A4B84-90E5-4AF1-B4E9-F24350195A17} = {FA5E661E-A1FF-4A74-B8B2-9EFD12DEAA1A}
		{17A17787-2BEB-4E00-A342-5972AA46DD30} = {FA5E661E-A1FF-4A74-B8B2-9EFD12DEAA1A}
		{E0027ED4-7C9A-4601-A04A-A0EC9CE90020} = {FA5E661E-A1FF-4A74-B8B2-9EFD12DEAA1A}
		{40408022-5B7B-4827-8C71-AA537368174E} = {FA5E661E-A1FF-4A74-B8B2-9EFD12DEAA1A}
	EndGlobalSection
	GlobalSection(ExtensibilityGlobals) = postSolution
		SolutionGuid = {62912C2F-AA65-4484-8E0C-590005C457A6}
	EndGlobalSection
EndGlobal
